
Microsoft Visual Studio Solution File, Format Version 12.00
# Visual Studio Version 17
VisualStudioVersion = 17.3.32825.248
MinimumVisualStudioVersion = 10.0.40219.1
Project("{FAE04EC0-301F-11D3-BF4B-00C04F79EFBC}") = "lab3", "lab3\lab3.csproj", "{75B92D33-DF0C-497F-84A8-42DE60D02F6D}"
EndProject
Global
	GlobalSection(SolutionConfigurationPlatforms) = preSolution
		Debug|Any CPU = Debug|Any CPU
		Release|Any CPU = Release|Any CPU
	EndGlobalSection
	GlobalSection(ProjectConfigurationPlatforms) = postSolution
		{75B92D33-DF0C-497F-84A8-42DE60D02F6D}.Debug|Any CPU.ActiveCfg = Debug|Any CPU
		{75B92D33-DF0C-497F-84A8-42DE60D02F6D}.Debug|Any CPU.Build.0 = Debug|Any CPU
		{75B92D33-DF0C-497F-84A8-42DE60D02F6D}.Release|Any CPU.ActiveCfg = Release|Any CPU
		{75B92D33-DF0C-497F-84A8-42DE60D02F6D}.Release|Any CPU.Build.0 = Release|Any CPU
	EndGlobalSection
	GlobalSection(SolutionProperties) = preSolution
		HideSolutionNode = FALSE
	EndGlobalSection
	GlobalSection(ExtensibilityGlobals) = postSolution
		SolutionGuid = {E287B2DA-086E-443B-B7B3-1E7D6B3491E8}
	EndGlobalSection
EndGlobal
