// !$*UTF8*$!
{
	archiveVersion = 1;
	classes = {
	};
	objectVersion = 50;
	objects = {

/* Begin PBXBuildFile section */
		F6E779222666F28C003C1531 /* Settings.cpp in Sources */ = {isa = PBXBuildFile; fileRef = F6E7790A2666F28B003C1531 /* Settings.cpp */; };
		F6E779232666F28C003C1531 /* PasswordWindow.cpp in Sources */ = {isa = PBXBuildFile; fileRef = F6E7790C2666F28B003C1531 /* PasswordWindow.cpp */; };
		F6E779242666F28C003C1531 /* File.cpp in Sources */ = {isa = PBXBuildFile; fileRef = F6E7790F2666F28B003C1531 /* File.cpp */; };
		F6E779252666F28C003C1531 /* BundleUndo.cpp in Sources */ = {isa = PBXBuildFile; fileRef = F6E779122666F28B003C1531 /* BundleUndo.cpp */; };
		F6E779262666F28C003C1531 /* Bundle.cpp in Sources */ = {isa = PBXBuildFile; fileRef = F6E779142666F28B003C1531 /* Bundle.cpp */; };
		F6E779272666F28C003C1531 /* SettingsWindow.cpp in Sources */ = {isa = PBXBuildFile; fileRef = F6E779172666F28B003C1531 /* SettingsWindow.cpp */; };
		F6E779282666F28C003C1531 /* main.cpp in Sources */ = {isa = PBXBuildFile; fileRef = F6E7791A2666F28B003C1531 /* main.cpp */; };
		F6E779292666F28C003C1531 /* AES.cpp in Sources */ = {isa = PBXBuildFile; fileRef = F6E7791D2666F28B003C1531 /* AES.cpp */; };
		F6E7792A2666F28C003C1531 /* EditWindow.cpp in Sources */ = {isa = PBXBuildFile; fileRef = F6E7791E2666F28B003C1531 /* EditWindow.cpp */; };
		F6E7792B2666F28C003C1531 /* startWindow.cpp in Sources */ = {isa = PBXBuildFile; fileRef = F6E779212666F28C003C1531 /* startWindow.cpp */; };
/* End PBXBuildFile section */

/* Begin PBXCopyFilesBuildPhase section */
		F65A9018264FFB6C009DEF90 /* CopyFiles */ = {
			isa = PBXCopyFilesBuildPhase;
			buildActionMask = 2147483647;
			dstPath = /usr/share/man/man1/;
			dstSubfolderSpec = 0;
			files = (
			);
			runOnlyForDeploymentPostprocessing = 1;
		};
/* End PBXCopyFilesBuildPhase section */

/* Begin PBXFileReference section */
		F65A901A264FFB6C009DEF90 /* Password manager */ = {isa = PBXFileReference; explicitFileType = "compiled.mach-o.executable"; includeInIndex = 0; path = "Password manager"; sourceTree = BUILT_PRODUCTS_DIR; };
		F6E779082666F28B003C1531 /* File.h */ = {isa = PBXFileReference; fileEncoding = 4; lastKnownFileType = sourcecode.c.h; name = File.h; path = passwordManager/File.h; sourceTree = SOURCE_ROOT; };
		F6E779092666F28B003C1531 /* BundleUndo.h */ = {isa = PBXFileReference; fileEncoding = 4; lastKnownFileType = sourcecode.c.h; name = BundleUndo.h; path = passwordManager/BundleUndo.h; sourceTree = SOURCE_ROOT; };
		F6E7790A2666F28B003C1531 /* Settings.cpp */ = {isa = PBXFileReference; fileEncoding = 4; lastKnownFileType = sourcecode.cpp.cpp; name = Settings.cpp; path = passwordManager/Settings.cpp; sourceTree = SOURCE_ROOT; };
		F6E7790B2666F28B003C1531 /* EditWindow.ui */ = {isa = PBXFileReference; lastKnownFileType = file; name = EditWindow.ui; path = passwordManager/EditWindow.ui; sourceTree = SOURCE_ROOT; };
		F6E7790C2666F28B003C1531 /* PasswordWindow.cpp */ = {isa = PBXFileReference; fileEncoding = 4; lastKnownFileType = sourcecode.cpp.cpp; name = PasswordWindow.cpp; path = passwordManager/PasswordWindow.cpp; sourceTree = SOURCE_ROOT; };
		F6E7790D2666F28B003C1531 /* CMakeLists.txt */ = {isa = PBXFileReference; fileEncoding = 4; lastKnownFileType = text; name = CMakeLists.txt; path = passwordManager/CMakeLists.txt; sourceTree = SOURCE_ROOT; };
		F6E7790E2666F28B003C1531 /* AES.h */ = {isa = PBXFileReference; fileEncoding = 4; lastKnownFileType = sourcecode.c.h; name = AES.h; path = passwordManager/AES.h; sourceTree = SOURCE_ROOT; };
		F6E7790F2666F28B003C1531 /* File.cpp */ = {isa = PBXFileReference; fileEncoding = 4; lastKnownFileType = sourcecode.cpp.cpp; name = File.cpp; path = passwordManager/File.cpp; sourceTree = SOURCE_ROOT; };
		F6E779102666F28B003C1531 /* EditWindow.h */ = {isa = PBXFileReference; fileEncoding = 4; lastKnownFileType = sourcecode.c.h; name = EditWindow.h; path = passwordManager/EditWindow.h; sourceTree = SOURCE_ROOT; };
		F6E779112666F28B003C1531 /* Bundle.h */ = {isa = PBXFileReference; fileEncoding = 4; lastKnownFileType = sourcecode.c.h; name = Bundle.h; path = passwordManager/Bundle.h; sourceTree = SOURCE_ROOT; };
		F6E779122666F28B003C1531 /* BundleUndo.cpp */ = {isa = PBXFileReference; fileEncoding = 4; lastKnownFileType = sourcecode.cpp.cpp; name = BundleUndo.cpp; path = passwordManager/BundleUndo.cpp; sourceTree = SOURCE_ROOT; };
		F6E779132666F28B003C1531 /* SettingsWindow.h */ = {isa = PBXFileReference; fileEncoding = 4; lastKnownFileType = sourcecode.c.h; name = SettingsWindow.h; path = passwordManager/SettingsWindow.h; sourceTree = SOURCE_ROOT; };
		F6E779142666F28B003C1531 /* Bundle.cpp */ = {isa = PBXFileReference; fileEncoding = 4; lastKnownFileType = sourcecode.cpp.cpp; name = Bundle.cpp; path = passwordManager/Bundle.cpp; sourceTree = SOURCE_ROOT; };
		F6E779152666F28B003C1531 /* Settings.h */ = {isa = PBXFileReference; fileEncoding = 4; lastKnownFileType = sourcecode.c.h; name = Settings.h; path = passwordManager/Settings.h; sourceTree = SOURCE_ROOT; };
		F6E779162666F28B003C1531 /* startWindow.ui */ = {isa = PBXFileReference; lastKnownFileType = file; name = startWindow.ui; path = passwordManager/startWindow.ui; sourceTree = SOURCE_ROOT; };
		F6E779172666F28B003C1531 /* SettingsWindow.cpp */ = {isa = PBXFileReference; fileEncoding = 4; lastKnownFileType = sourcecode.cpp.cpp; name = SettingsWindow.cpp; path = passwordManager/SettingsWindow.cpp; sourceTree = SOURCE_ROOT; };
		F6E779182666F28B003C1531 /* PasswordWindow.ui */ = {isa = PBXFileReference; lastKnownFileType = file; name = PasswordWindow.ui; path = passwordManager/PasswordWindow.ui; sourceTree = SOURCE_ROOT; };
		F6E779192666F28B003C1531 /* SettingsWindow.ui */ = {isa = PBXFileReference; lastKnownFileType = file; name = SettingsWindow.ui; path = passwordManager/SettingsWindow.ui; sourceTree = SOURCE_ROOT; };
		F6E7791A2666F28B003C1531 /* main.cpp */ = {isa = PBXFileReference; fileEncoding = 4; lastKnownFileType = sourcecode.cpp.cpp; name = main.cpp; path = passwordManager/main.cpp; sourceTree = SOURCE_ROOT; };
		F6E7791B2666F28B003C1531 /* startWindow.h */ = {isa = PBXFileReference; fileEncoding = 4; lastKnownFileType = sourcecode.c.h; name = startWindow.h; path = passwordManager/startWindow.h; sourceTree = SOURCE_ROOT; };
		F6E7791C2666F28B003C1531 /* PasswordWindow.h */ = {isa = PBXFileReference; fileEncoding = 4; lastKnownFileType = sourcecode.c.h; name = PasswordWindow.h; path = passwordManager/PasswordWindow.h; sourceTree = SOURCE_ROOT; };
		F6E7791D2666F28B003C1531 /* AES.cpp */ = {isa = PBXFileReference; fileEncoding = 4; lastKnownFileType = sourcecode.cpp.cpp; name = AES.cpp; path = passwordManager/AES.cpp; sourceTree = SOURCE_ROOT; };
		F6E7791E2666F28B003C1531 /* EditWindow.cpp */ = {isa = PBXFileReference; fileEncoding = 4; lastKnownFileType = sourcecode.cpp.cpp; name = EditWindow.cpp; path = passwordManager/EditWindow.cpp; sourceTree = SOURCE_ROOT; };
		F6E7791F2666F28B003C1531 /* CMakeLists.txt.user */ = {isa = PBXFileReference; lastKnownFileType = file; name = CMakeLists.txt.user; path = passwordManager/CMakeLists.txt.user; sourceTree = SOURCE_ROOT; };
		F6E779212666F28C003C1531 /* startWindow.cpp */ = {isa = PBXFileReference; fileEncoding = 4; lastKnownFileType = sourcecode.cpp.cpp; name = startWindow.cpp; path = passwordManager/startWindow.cpp; sourceTree = SOURCE_ROOT; };
/* End PBXFileReference section */

/* Begin PBXFrameworksBuildPhase section */
		F65A9017264FFB6C009DEF90 /* Frameworks */ = {
			isa = PBXFrameworksBuildPhase;
			buildActionMask = 2147483647;
			files = (
			);
			runOnlyForDeploymentPostprocessing = 0;
		};
/* End PBXFrameworksBuildPhase section */

/* Begin PBXGroup section */
		F65A9011264FFB6C009DEF90 = {
			isa = PBXGroup;
			children = (
				F65A901C264FFB6C009DEF90 /* Password manager */,
				F65A901B264FFB6C009DEF90 /* Products */,
			);
			sourceTree = "<group>";
		};
		F65A901B264FFB6C009DEF90 /* Products */ = {
			isa = PBXGroup;
			children = (
				F65A901A264FFB6C009DEF90 /* Password manager */,
			);
			name = Products;
			sourceTree = "<group>";
		};
		F65A901C264FFB6C009DEF90 /* Password manager */ = {
			isa = PBXGroup;
			children = (
				F6E7791D2666F28B003C1531 /* AES.cpp */,
				F6E7790E2666F28B003C1531 /* AES.h */,
				F6E779142666F28B003C1531 /* Bundle.cpp */,
				F6E779112666F28B003C1531 /* Bundle.h */,
				F6E779122666F28B003C1531 /* BundleUndo.cpp */,
				F6E779092666F28B003C1531 /* BundleUndo.h */,
				F6E7790D2666F28B003C1531 /* CMakeLists.txt */,
				F6E7791F2666F28B003C1531 /* CMakeLists.txt.user */,
				F6E7791E2666F28B003C1531 /* EditWindow.cpp */,
				F6E779102666F28B003C1531 /* EditWindow.h */,
				F6E7790B2666F28B003C1531 /* EditWindow.ui */,
				F6E7790F2666F28B003C1531 /* File.cpp */,
				F6E779082666F28B003C1531 /* File.h */,
				F6E7791A2666F28B003C1531 /* main.cpp */,
				F6E7790C2666F28B003C1531 /* PasswordWindow.cpp */,
				F6E7791C2666F28B003C1531 /* PasswordWindow.h */,
				F6E779182666F28B003C1531 /* PasswordWindow.ui */,
				F6E7790A2666F28B003C1531 /* Settings.cpp */,
				F6E779152666F28B003C1531 /* Settings.h */,
				F6E779172666F28B003C1531 /* SettingsWindow.cpp */,
				F6E779132666F28B003C1531 /* SettingsWindow.h */,
				F6E779192666F28B003C1531 /* SettingsWindow.ui */,
				F6E779212666F28C003C1531 /* startWindow.cpp */,
				F6E7791B2666F28B003C1531 /* startWindow.h */,
				F6E779162666F28B003C1531 /* startWindow.ui */,
			);
			path = "Password manager";
			sourceTree = "<group>";
		};
/* End PBXGroup section */

/* Begin PBXNativeTarget section */
		F65A9019264FFB6C009DEF90 /* Password manager */ = {
			isa = PBXNativeTarget;
			buildConfigurationList = F65A9021264FFB6C009DEF90 /* Build configuration list for PBXNativeTarget "Password manager" */;
			buildPhases = (
				F65A9016264FFB6C009DEF90 /* Sources */,
				F65A9017264FFB6C009DEF90 /* Frameworks */,
				F65A9018264FFB6C009DEF90 /* CopyFiles */,
			);
			buildRules = (
			);
			dependencies = (
			);
			name = "Password manager";
			productName = "Password manager";
			productReference = F65A901A264FFB6C009DEF90 /* Password manager */;
			productType = "com.apple.product-type.tool";
		};
/* End PBXNativeTarget section */

/* Begin PBXProject section */
		F65A9012264FFB6C009DEF90 /* Project object */ = {
			isa = PBXProject;
			attributes = {
				LastUpgradeCheck = 1250;
				TargetAttributes = {
					F65A9019264FFB6C009DEF90 = {
						CreatedOnToolsVersion = 12.5;
					};
				};
			};
			buildConfigurationList = F65A9015264FFB6C009DEF90 /* Build configuration list for PBXProject "Password manager" */;
			compatibilityVersion = "Xcode 9.3";
			developmentRegion = en;
			hasScannedForEncodings = 0;
			knownRegions = (
				en,
				Base,
			);
			mainGroup = F65A9011264FFB6C009DEF90;
			productRefGroup = F65A901B264FFB6C009DEF90 /* Products */;
			projectDirPath = "";
			projectRoot = "";
			targets = (
				F65A9019264FFB6C009DEF90 /* Password manager */,
			);
		};
/* End PBXProject section */

/* Begin PBXSourcesBuildPhase section */
		F65A9016264FFB6C009DEF90 /* Sources */ = {
			isa = PBXSourcesBuildPhase;
			buildActionMask = 2147483647;
			files = (
				F6E779262666F28C003C1531 /* Bundle.cpp in Sources */,
				F6E779292666F28C003C1531 /* AES.cpp in Sources */,
				F6E779242666F28C003C1531 /* File.cpp in Sources */,
				F6E779232666F28C003C1531 /* PasswordWindow.cpp in Sources */,
				F6E779222666F28C003C1531 /* Settings.cpp in Sources */,
				F6E779282666F28C003C1531 /* main.cpp in Sources */,
				F6E779272666F28C003C1531 /* SettingsWindow.cpp in Sources */,
				F6E779252666F28C003C1531 /* BundleUndo.cpp in Sources */,
				F6E7792B2666F28C003C1531 /* startWindow.cpp in Sources */,
				F6E7792A2666F28C003C1531 /* EditWindow.cpp in Sources */,
			);
			runOnlyForDeploymentPostprocessing = 0;
		};
/* End PBXSourcesBuildPhase section */

/* Begin XCBuildConfiguration section */
		F65A901F264FFB6C009DEF90 /* Debug */ = {
			isa = XCBuildConfiguration;
			buildSettings = {
				ALWAYS_SEARCH_USER_PATHS = NO;
				CLANG_ANALYZER_NONNULL = YES;
				CLANG_ANALYZER_NUMBER_OBJECT_CONVERSION = YES_AGGRESSIVE;
				CLANG_CXX_LANGUAGE_STANDARD = "c++2a";
				CLANG_CXX_LIBRARY = "libc++";
				CLANG_ENABLE_MODULES = YES;
				CLANG_ENABLE_OBJC_ARC = YES;
				CLANG_ENABLE_OBJC_WEAK = YES;
				CLANG_WARN_BLOCK_CAPTURE_AUTORELEASING = YES;
				CLANG_WARN_BOOL_CONVERSION = YES;
				CLANG_WARN_COMMA = YES;
				CLANG_WARN_CONSTANT_CONVERSION = YES;
				CLANG_WARN_DEPRECATED_OBJC_IMPLEMENTATIONS = YES;
				CLANG_WARN_DIRECT_OBJC_ISA_USAGE = YES_ERROR;
				CLANG_WARN_DOCUMENTATION_COMMENTS = YES;
				CLANG_WARN_EMPTY_BODY = YES;
				CLANG_WARN_ENUM_CONVERSION = YES;
				CLANG_WARN_INFINITE_RECURSION = YES;
				CLANG_WARN_INT_CONVERSION = YES;
				CLANG_WARN_NON_LITERAL_NULL_CONVERSION = YES;
				CLANG_WARN_OBJC_IMPLICIT_RETAIN_SELF = YES;
				CLANG_WARN_OBJC_LITERAL_CONVERSION = YES;
				CLANG_WARN_OBJC_ROOT_CLASS = YES_ERROR;
				CLANG_WARN_QUOTED_INCLUDE_IN_FRAMEWORK_HEADER = YES;
				CLANG_WARN_RANGE_LOOP_ANALYSIS = YES;
				CLANG_WARN_STRICT_PROTOTYPES = YES;
				CLANG_WARN_SUSPICIOUS_MOVE = YES;
				CLANG_WARN_UNGUARDED_AVAILABILITY = YES_AGGRESSIVE;
				CLANG_WARN_UNREACHABLE_CODE = YES;
				CLANG_WARN__DUPLICATE_METHOD_MATCH = YES;
				COPY_PHASE_STRIP = NO;
				DEBUG_INFORMATION_FORMAT = dwarf;
				ENABLE_STRICT_OBJC_MSGSEND = YES;
				ENABLE_TESTABILITY = YES;
				GCC_C_LANGUAGE_STANDARD = c20;
				GCC_DYNAMIC_NO_PIC = NO;
				GCC_NO_COMMON_BLOCKS = YES;
				GCC_OPTIMIZATION_LEVEL = 0;
				GCC_PREPROCESSOR_DEFINITIONS = (
					"DEBUG=1",
					"$(inherited)",
				);
				GCC_WARN_64_TO_32_BIT_CONVERSION = YES;
				GCC_WARN_ABOUT_RETURN_TYPE = YES_ERROR;
				GCC_WARN_UNDECLARED_SELECTOR = YES;
				GCC_WARN_UNINITIALIZED_AUTOS = YES_AGGRESSIVE;
				GCC_WARN_UNUSED_FUNCTION = YES;
				GCC_WARN_UNUSED_VARIABLE = YES;
				MACOSX_DEPLOYMENT_TARGET = 11.3;
				MTL_ENABLE_DEBUG_INFO = INCLUDE_SOURCE;
				MTL_FAST_MATH = YES;
				ONLY_ACTIVE_ARCH = YES;
				SDKROOT = macosx;
			};
			name = Debug;
		};
		F65A9020264FFB6C009DEF90 /* Release */ = {
			isa = XCBuildConfiguration;
			buildSettings = {
				ALWAYS_SEARCH_USER_PATHS = NO;
				CLANG_ANALYZER_NONNULL = YES;
				CLANG_ANALYZER_NUMBER_OBJECT_CONVERSION = YES_AGGRESSIVE;
				CLANG_CXX_LANGUAGE_STANDARD = "c++2a";
				CLANG_CXX_LIBRARY = "libc++";
				CLANG_ENABLE_MODULES = YES;
				CLANG_ENABLE_OBJC_ARC = YES;
				CLANG_ENABLE_OBJC_WEAK = YES;
				CLANG_WARN_BLOCK_CAPTURE_AUTORELEASING = YES;
				CLANG_WARN_BOOL_CONVERSION = YES;
				CLANG_WARN_COMMA = YES;
				CLANG_WARN_CONSTANT_CONVERSION = YES;
				CLANG_WARN_DEPRECATED_OBJC_IMPLEMENTATIONS = YES;
				CLANG_WARN_DIRECT_OBJC_ISA_USAGE = YES_ERROR;
				CLANG_WARN_DOCUMENTATION_COMMENTS = YES;
				CLANG_WARN_EMPTY_BODY = YES;
				CLANG_WARN_ENUM_CONVERSION = YES;
				CLANG_WARN_INFINITE_RECURSION = YES;
				CLANG_WARN_INT_CONVERSION = YES;
				CLANG_WARN_NON_LITERAL_NULL_CONVERSION = YES;
				CLANG_WARN_OBJC_IMPLICIT_RETAIN_SELF = YES;
				CLANG_WARN_OBJC_LITERAL_CONVERSION = YES;
				CLANG_WARN_OBJC_ROOT_CLASS = YES_ERROR;
				CLANG_WARN_QUOTED_INCLUDE_IN_FRAMEWORK_HEADER = YES;
				CLANG_WARN_RANGE_LOOP_ANALYSIS = YES;
				CLANG_WARN_STRICT_PROTOTYPES = YES;
				CLANG_WARN_SUSPICIOUS_MOVE = YES;
				CLANG_WARN_UNGUARDED_AVAILABILITY = YES_AGGRESSIVE;
				CLANG_WARN_UNREACHABLE_CODE = YES;
				CLANG_WARN__DUPLICATE_METHOD_MATCH = YES;
				COPY_PHASE_STRIP = NO;
				DEBUG_INFORMATION_FORMAT = "dwarf-with-dsym";
				ENABLE_NS_ASSERTIONS = NO;
				ENABLE_STRICT_OBJC_MSGSEND = YES;
				GCC_C_LANGUAGE_STANDARD = c20;
				GCC_NO_COMMON_BLOCKS = YES;
				GCC_WARN_64_TO_32_BIT_CONVERSION = YES;
				GCC_WARN_ABOUT_RETURN_TYPE = YES_ERROR;
				GCC_WARN_UNDECLARED_SELECTOR = YES;
				GCC_WARN_UNINITIALIZED_AUTOS = YES_AGGRESSIVE;
				GCC_WARN_UNUSED_FUNCTION = YES;
				GCC_WARN_UNUSED_VARIABLE = YES;
				MACOSX_DEPLOYMENT_TARGET = 11.3;
				MTL_ENABLE_DEBUG_INFO = NO;
				MTL_FAST_MATH = YES;
				SDKROOT = macosx;
			};
			name = Release;
		};
		F65A9022264FFB6C009DEF90 /* Debug */ = {
			isa = XCBuildConfiguration;
			buildSettings = {
				CODE_SIGN_STYLE = Automatic;
				DEVELOPMENT_TEAM = L4638VTQ6Z;
				ENABLE_HARDENED_RUNTIME = YES;
				PRODUCT_NAME = "$(TARGET_NAME)";
			};
			name = Debug;
		};
		F65A9023264FFB6C009DEF90 /* Release */ = {
			isa = XCBuildConfiguration;
			buildSettings = {
				CODE_SIGN_STYLE = Automatic;
				DEVELOPMENT_TEAM = L4638VTQ6Z;
				ENABLE_HARDENED_RUNTIME = YES;
				PRODUCT_NAME = "$(TARGET_NAME)";
			};
			name = Release;
		};
/* End XCBuildConfiguration section */

/* Begin XCConfigurationList section */
		F65A9015264FFB6C009DEF90 /* Build configuration list for PBXProject "Password manager" */ = {
			isa = XCConfigurationList;
			buildConfigurations = (
				F65A901F264FFB6C009DEF90 /* Debug */,
				F65A9020264FFB6C009DEF90 /* Release */,
			);
			defaultConfigurationIsVisible = 0;
			defaultConfigurationName = Release;
		};
		F65A9021264FFB6C009DEF90 /* Build configuration list for PBXNativeTarget "Password manager" */ = {
			isa = XCConfigurationList;
			buildConfigurations = (
				F65A9022264FFB6C009DEF90 /* Debug */,
				F65A9023264FFB6C009DEF90 /* Release */,
			);
			defaultConfigurationIsVisible = 0;
			defaultConfigurationName = Release;
		};
/* End XCConfigurationList section */
	};
	rootObject = F65A9012264FFB6C009DEF90 /* Project object */;
}
