// !$*UTF8*$!
{
	archiveVersion = 1;
	classes = {
	};
	objectVersion = 50;
	objects = {

/* Begin PBXBuildFile section */
		B4AF5EC6254B5BA500CB98F5 /* Businessman.cpp in Sources */ = {isa = PBXBuildFile; fileRef = B4AF5EC4254B5BA500CB98F5 /* Businessman.cpp */; };
		B4AF5ECF254B652200CB98F5 /* TouristBusinessman.cpp in Sources */ = {isa = PBXBuildFile; fileRef = B4AF5ECD254B652200CB98F5 /* TouristBusinessman.cpp */; };
		B4ED12FD252E49A100F92142 /* main.cpp in Sources */ = {isa = PBXBuildFile; fileRef = B4ED12FC252E49A100F92142 /* main.cpp */; };
		B4ED1305252E49CF00F92142 /* Human.cpp in Sources */ = {isa = PBXBuildFile; fileRef = B4ED1303252E49CF00F92142 /* Human.cpp */; };
		B4ED1309252E4C7D00F92142 /* Date.cpp in Sources */ = {isa = PBXBuildFile; fileRef = B4ED1307252E4C7D00F92142 /* Date.cpp */; };
		B4ED130E252E573B00F92142 /* Tourist.cpp in Sources */ = {isa = PBXBuildFile; fileRef = B4ED130C252E573B00F92142 /* Tourist.cpp */; };
/* End PBXBuildFile section */

/* Begin PBXCopyFilesBuildPhase section */
		B4ED12F7252E49A100F92142 /* CopyFiles */ = {
			isa = PBXCopyFilesBuildPhase;
			buildActionMask = 2147483647;
			dstPath = /usr/share/man/man1/;
			dstSubfolderSpec = 0;
			files = (
			);
			runOnlyForDeploymentPostprocessing = 1;
		};
/* End PBXCopyFilesBuildPhase section */

/* Begin PBXFileReference section */
		B4AF5EC4254B5BA500CB98F5 /* Businessman.cpp */ = {isa = PBXFileReference; lastKnownFileType = sourcecode.cpp.cpp; path = Businessman.cpp; sourceTree = "<group>"; };
		B4AF5EC5254B5BA500CB98F5 /* Businessman.hpp */ = {isa = PBXFileReference; lastKnownFileType = sourcecode.cpp.h; path = Businessman.hpp; sourceTree = "<group>"; };
		B4AF5EC8254B5D5700CB98F5 /* PaymentDetail.h */ = {isa = PBXFileReference; lastKnownFileType = sourcecode.c.h; path = PaymentDetail.h; sourceTree = "<group>"; };
		B4AF5ECD254B652200CB98F5 /* TouristBusinessman.cpp */ = {isa = PBXFileReference; lastKnownFileType = sourcecode.cpp.cpp; path = TouristBusinessman.cpp; sourceTree = "<group>"; };
		B4AF5ECE254B652200CB98F5 /* TouristBusinessman.hpp */ = {isa = PBXFileReference; lastKnownFileType = sourcecode.cpp.h; path = TouristBusinessman.hpp; sourceTree = "<group>"; };
		B4ED12F9252E49A100F92142 /* LabWork 5. Inheritance */ = {isa = PBXFileReference; explicitFileType = "compiled.mach-o.executable"; includeInIndex = 0; path = "LabWork 5. Inheritance"; sourceTree = BUILT_PRODUCTS_DIR; };
		B4ED12FC252E49A100F92142 /* main.cpp */ = {isa = PBXFileReference; lastKnownFileType = sourcecode.cpp.cpp; path = main.cpp; sourceTree = "<group>"; };
		B4ED1303252E49CF00F92142 /* Human.cpp */ = {isa = PBXFileReference; lastKnownFileType = sourcecode.cpp.cpp; path = Human.cpp; sourceTree = "<group>"; };
		B4ED1304252E49CF00F92142 /* Human.hpp */ = {isa = PBXFileReference; lastKnownFileType = sourcecode.cpp.h; path = Human.hpp; sourceTree = "<group>"; };
		B4ED1307252E4C7D00F92142 /* Date.cpp */ = {isa = PBXFileReference; lastKnownFileType = sourcecode.cpp.cpp; path = Date.cpp; sourceTree = "<group>"; };
		B4ED1308252E4C7D00F92142 /* Date.hpp */ = {isa = PBXFileReference; lastKnownFileType = sourcecode.cpp.h; path = Date.hpp; sourceTree = "<group>"; };
		B4ED130C252E573B00F92142 /* Tourist.cpp */ = {isa = PBXFileReference; lastKnownFileType = sourcecode.cpp.cpp; path = Tourist.cpp; sourceTree = "<group>"; };
		B4ED130D252E573B00F92142 /* Tourist.hpp */ = {isa = PBXFileReference; lastKnownFileType = sourcecode.cpp.h; path = Tourist.hpp; sourceTree = "<group>"; };
		B4ED130F252E592800F92142 /* BorderCrossing.h */ = {isa = PBXFileReference; lastKnownFileType = sourcecode.c.h; path = BorderCrossing.h; sourceTree = "<group>"; };
/* End PBXFileReference section */

/* Begin PBXFrameworksBuildPhase section */
		B4ED12F6252E49A100F92142 /* Frameworks */ = {
			isa = PBXFrameworksBuildPhase;
			buildActionMask = 2147483647;
			files = (
			);
			runOnlyForDeploymentPostprocessing = 0;
		};
/* End PBXFrameworksBuildPhase section */

/* Begin PBXGroup section */
		B4ED12F0252E49A100F92142 = {
			isa = PBXGroup;
			children = (
				B4ED12FB252E49A100F92142 /* LabWork 5. Inheritance */,
				B4ED12FA252E49A100F92142 /* Products */,
			);
			sourceTree = "<group>";
		};
		B4ED12FA252E49A100F92142 /* Products */ = {
			isa = PBXGroup;
			children = (
				B4ED12F9252E49A100F92142 /* LabWork 5. Inheritance */,
			);
			name = Products;
			sourceTree = "<group>";
		};
		B4ED12FB252E49A100F92142 /* LabWork 5. Inheritance */ = {
			isa = PBXGroup;
			children = (
				B4ED12FC252E49A100F92142 /* main.cpp */,
				B4ED130B252E505300F92142 /* Headers */,
				B4ED130A252E504200F92142 /* Sources */,
			);
			path = "LabWork 5. Inheritance";
			sourceTree = "<group>";
		};
		B4ED130A252E504200F92142 /* Sources */ = {
			isa = PBXGroup;
			children = (
				B4ED1303252E49CF00F92142 /* Human.cpp */,
				B4ED1307252E4C7D00F92142 /* Date.cpp */,
				B4ED130C252E573B00F92142 /* Tourist.cpp */,
				B4AF5EC4254B5BA500CB98F5 /* Businessman.cpp */,
				B4AF5ECD254B652200CB98F5 /* TouristBusinessman.cpp */,
			);
			path = Sources;
			sourceTree = "<group>";
		};
		B4ED130B252E505300F92142 /* Headers */ = {
			isa = PBXGroup;
			children = (
				B4ED1304252E49CF00F92142 /* Human.hpp */,
				B4ED1308252E4C7D00F92142 /* Date.hpp */,
				B4ED130D252E573B00F92142 /* Tourist.hpp */,
				B4ED130F252E592800F92142 /* BorderCrossing.h */,
				B4AF5EC5254B5BA500CB98F5 /* Businessman.hpp */,
				B4AF5EC8254B5D5700CB98F5 /* PaymentDetail.h */,
				B4AF5ECE254B652200CB98F5 /* TouristBusinessman.hpp */,
			);
			path = Headers;
			sourceTree = "<group>";
		};
/* End PBXGroup section */

/* Begin PBXNativeTarget section */
		B4ED12F8252E49A100F92142 /* LabWork 5. Inheritance */ = {
			isa = PBXNativeTarget;
			buildConfigurationList = B4ED1300252E49A100F92142 /* Build configuration list for PBXNativeTarget "LabWork 5. Inheritance" */;
			buildPhases = (
				B4ED12F5252E49A100F92142 /* Sources */,
				B4ED12F6252E49A100F92142 /* Frameworks */,
				B4ED12F7252E49A100F92142 /* CopyFiles */,
			);
			buildRules = (
			);
			dependencies = (
			);
			name = "LabWork 5. Inheritance";
			productName = "LabWork 5. Inheritance";
			productReference = B4ED12F9252E49A100F92142 /* LabWork 5. Inheritance */;
			productType = "com.apple.product-type.tool";
		};
/* End PBXNativeTarget section */

/* Begin PBXProject section */
		B4ED12F1252E49A100F92142 /* Project object */ = {
			isa = PBXProject;
			attributes = {
				LastUpgradeCheck = 1210;
				TargetAttributes = {
					B4ED12F8252E49A100F92142 = {
						CreatedOnToolsVersion = 12.0;
					};
				};
			};
			buildConfigurationList = B4ED12F4252E49A100F92142 /* Build configuration list for PBXProject "LabWork 5. Inheritance" */;
			compatibilityVersion = "Xcode 9.3";
			developmentRegion = en;
			hasScannedForEncodings = 0;
			knownRegions = (
				en,
				Base,
			);
			mainGroup = B4ED12F0252E49A100F92142;
			productRefGroup = B4ED12FA252E49A100F92142 /* Products */;
			projectDirPath = "";
			projectRoot = "";
			targets = (
				B4ED12F8252E49A100F92142 /* LabWork 5. Inheritance */,
			);
		};
/* End PBXProject section */

/* Begin PBXSourcesBuildPhase section */
		B4ED12F5252E49A100F92142 /* Sources */ = {
			isa = PBXSourcesBuildPhase;
			buildActionMask = 2147483647;
			files = (
				B4ED12FD252E49A100F92142 /* main.cpp in Sources */,
				B4ED1309252E4C7D00F92142 /* Date.cpp in Sources */,
				B4ED130E252E573B00F92142 /* Tourist.cpp in Sources */,
				B4AF5ECF254B652200CB98F5 /* TouristBusinessman.cpp in Sources */,
				B4AF5EC6254B5BA500CB98F5 /* Businessman.cpp in Sources */,
				B4ED1305252E49CF00F92142 /* Human.cpp in Sources */,
			);
			runOnlyForDeploymentPostprocessing = 0;
		};
/* End PBXSourcesBuildPhase section */

/* Begin XCBuildConfiguration section */
		B4ED12FE252E49A100F92142 /* Debug */ = {
			isa = XCBuildConfiguration;
			buildSettings = {
				ALWAYS_SEARCH_USER_PATHS = NO;
				CLANG_ANALYZER_NONNULL = YES;
				CLANG_ANALYZER_NUMBER_OBJECT_CONVERSION = YES_AGGRESSIVE;
				CLANG_CXX_LANGUAGE_STANDARD = "gnu++14";
				CLANG_CXX_LIBRARY = "libc++";
				CLANG_ENABLE_MODULES = YES;
				CLANG_ENABLE_OBJC_ARC = YES;
				CLANG_ENABLE_OBJC_WEAK = YES;
				CLANG_WARN_BLOCK_CAPTURE_AUTORELEASING = YES;
				CLANG_WARN_BOOL_CONVERSION = YES;
				CLANG_WARN_COMMA = YES;
				CLANG_WARN_CONSTANT_CONVERSION = YES;
				CLANG_WARN_DEPRECATED_OBJC_IMPLEMENTATIONS = YES;
				CLANG_WARN_DIRECT_OBJC_ISA_USAGE = YES_ERROR;
				CLANG_WARN_DOCUMENTATION_COMMENTS = YES;
				CLANG_WARN_EMPTY_BODY = YES;
				CLANG_WARN_ENUM_CONVERSION = YES;
				CLANG_WARN_INFINITE_RECURSION = YES;
				CLANG_WARN_INT_CONVERSION = YES;
				CLANG_WARN_NON_LITERAL_NULL_CONVERSION = YES;
				CLANG_WARN_OBJC_IMPLICIT_RETAIN_SELF = YES;
				CLANG_WARN_OBJC_LITERAL_CONVERSION = YES;
				CLANG_WARN_OBJC_ROOT_CLASS = YES_ERROR;
				CLANG_WARN_QUOTED_INCLUDE_IN_FRAMEWORK_HEADER = YES;
				CLANG_WARN_RANGE_LOOP_ANALYSIS = YES;
				CLANG_WARN_STRICT_PROTOTYPES = YES;
				CLANG_WARN_SUSPICIOUS_MOVE = YES;
				CLANG_WARN_UNGUARDED_AVAILABILITY = YES_AGGRESSIVE;
				CLANG_WARN_UNREACHABLE_CODE = YES;
				CLANG_WARN__DUPLICATE_METHOD_MATCH = YES;
				COPY_PHASE_STRIP = NO;
				DEBUG_INFORMATION_FORMAT = dwarf;
				ENABLE_STRICT_OBJC_MSGSEND = YES;
				ENABLE_TESTABILITY = YES;
				GCC_C_LANGUAGE_STANDARD = gnu11;
				GCC_DYNAMIC_NO_PIC = NO;
				GCC_NO_COMMON_BLOCKS = YES;
				GCC_OPTIMIZATION_LEVEL = 0;
				GCC_PREPROCESSOR_DEFINITIONS = (
					"DEBUG=1",
					"$(inherited)",
				);
				GCC_WARN_64_TO_32_BIT_CONVERSION = YES;
				GCC_WARN_ABOUT_RETURN_TYPE = YES_ERROR;
				GCC_WARN_UNDECLARED_SELECTOR = YES;
				GCC_WARN_UNINITIALIZED_AUTOS = YES_AGGRESSIVE;
				GCC_WARN_UNUSED_FUNCTION = YES;
				GCC_WARN_UNUSED_VARIABLE = YES;
				MACOSX_DEPLOYMENT_TARGET = 11.0;
				MTL_ENABLE_DEBUG_INFO = INCLUDE_SOURCE;
				MTL_FAST_MATH = YES;
				ONLY_ACTIVE_ARCH = YES;
				SDKROOT = macosx;
			};
			name = Debug;
		};
		B4ED12FF252E49A100F92142 /* Release */ = {
			isa = XCBuildConfiguration;
			buildSettings = {
				ALWAYS_SEARCH_USER_PATHS = NO;
				CLANG_ANALYZER_NONNULL = YES;
				CLANG_ANALYZER_NUMBER_OBJECT_CONVERSION = YES_AGGRESSIVE;
				CLANG_CXX_LANGUAGE_STANDARD = "gnu++14";
				CLANG_CXX_LIBRARY = "libc++";
				CLANG_ENABLE_MODULES = YES;
				CLANG_ENABLE_OBJC_ARC = YES;
				CLANG_ENABLE_OBJC_WEAK = YES;
				CLANG_WARN_BLOCK_CAPTURE_AUTORELEASING = YES;
				CLANG_WARN_BOOL_CONVERSION = YES;
				CLANG_WARN_COMMA = YES;
				CLANG_WARN_CONSTANT_CONVERSION = YES;
				CLANG_WARN_DEPRECATED_OBJC_IMPLEMENTATIONS = YES;
				CLANG_WARN_DIRECT_OBJC_ISA_USAGE = YES_ERROR;
				CLANG_WARN_DOCUMENTATION_COMMENTS = YES;
				CLANG_WARN_EMPTY_BODY = YES;
				CLANG_WARN_ENUM_CONVERSION = YES;
				CLANG_WARN_INFINITE_RECURSION = YES;
				CLANG_WARN_INT_CONVERSION = YES;
				CLANG_WARN_NON_LITERAL_NULL_CONVERSION = YES;
				CLANG_WARN_OBJC_IMPLICIT_RETAIN_SELF = YES;
				CLANG_WARN_OBJC_LITERAL_CONVERSION = YES;
				CLANG_WARN_OBJC_ROOT_CLASS = YES_ERROR;
				CLANG_WARN_QUOTED_INCLUDE_IN_FRAMEWORK_HEADER = YES;
				CLANG_WARN_RANGE_LOOP_ANALYSIS = YES;
				CLANG_WARN_STRICT_PROTOTYPES = YES;
				CLANG_WARN_SUSPICIOUS_MOVE = YES;
				CLANG_WARN_UNGUARDED_AVAILABILITY = YES_AGGRESSIVE;
				CLANG_WARN_UNREACHABLE_CODE = YES;
				CLANG_WARN__DUPLICATE_METHOD_MATCH = YES;
				COPY_PHASE_STRIP = NO;
				DEBUG_INFORMATION_FORMAT = "dwarf-with-dsym";
				ENABLE_NS_ASSERTIONS = NO;
				ENABLE_STRICT_OBJC_MSGSEND = YES;
				GCC_C_LANGUAGE_STANDARD = gnu11;
				GCC_NO_COMMON_BLOCKS = YES;
				GCC_WARN_64_TO_32_BIT_CONVERSION = YES;
				GCC_WARN_ABOUT_RETURN_TYPE = YES_ERROR;
				GCC_WARN_UNDECLARED_SELECTOR = YES;
				GCC_WARN_UNINITIALIZED_AUTOS = YES_AGGRESSIVE;
				GCC_WARN_UNUSED_FUNCTION = YES;
				GCC_WARN_UNUSED_VARIABLE = YES;
				MACOSX_DEPLOYMENT_TARGET = 11.0;
				MTL_ENABLE_DEBUG_INFO = NO;
				MTL_FAST_MATH = YES;
				SDKROOT = macosx;
			};
			name = Release;
		};
		B4ED1301252E49A100F92142 /* Debug */ = {
			isa = XCBuildConfiguration;
			buildSettings = {
				CODE_SIGN_IDENTITY = "-";
				CODE_SIGN_STYLE = Automatic;
				DEVELOPMENT_TEAM = L4638VTQ6Z;
				ENABLE_HARDENED_RUNTIME = YES;
				MACOSX_DEPLOYMENT_TARGET = 10.15;
				PRODUCT_NAME = "$(TARGET_NAME)";
			};
			name = Debug;
		};
		B4ED1302252E49A100F92142 /* Release */ = {
			isa = XCBuildConfiguration;
			buildSettings = {
				CODE_SIGN_IDENTITY = "-";
				CODE_SIGN_STYLE = Automatic;
				DEVELOPMENT_TEAM = L4638VTQ6Z;
				ENABLE_HARDENED_RUNTIME = YES;
				MACOSX_DEPLOYMENT_TARGET = 10.15;
				PRODUCT_NAME = "$(TARGET_NAME)";
			};
			name = Release;
		};
/* End XCBuildConfiguration section */

/* Begin XCConfigurationList section */
		B4ED12F4252E49A100F92142 /* Build configuration list for PBXProject "LabWork 5. Inheritance" */ = {
			isa = XCConfigurationList;
			buildConfigurations = (
				B4ED12FE252E49A100F92142 /* Debug */,
				B4ED12FF252E49A100F92142 /* Release */,
			);
			defaultConfigurationIsVisible = 0;
			defaultConfigurationName = Release;
		};
		B4ED1300252E49A100F92142 /* Build configuration list for PBXNativeTarget "LabWork 5. Inheritance" */ = {
			isa = XCConfigurationList;
			buildConfigurations = (
				B4ED1301252E49A100F92142 /* Debug */,
				B4ED1302252E49A100F92142 /* Release */,
			);
			defaultConfigurationIsVisible = 0;
			defaultConfigurationName = Release;
		};
/* End XCConfigurationList section */
	};
	rootObject = B4ED12F1252E49A100F92142 /* Project object */;
}
